
Microsoft Visual Studio Solution File, Format Version 12.00
# Visual Studio Version 17
VisualStudioVersion = 17.12.35309.182
MinimumVisualStudioVersion = 10.0.40219.1
Project("{FAE04EC0-301F-11D3-BF4B-00C04F79EFBC}") = "ObjectOrientedPractices", "ObjectOrientedPractics\ObjectOrientedPractices.csproj", "{F5DFC376-21EC-4676-B286-55E6D61DF7BE}"
EndProject
Global
	GlobalSection(SolutionConfigurationPlatforms) = preSolution
		Debug|Any CPU = Debug|Any CPU
		Release|Any CPU = Release|Any CPU
	EndGlobalSection
	GlobalSection(ProjectConfigurationPlatforms) = postSolution
		{F5DFC376-21EC-4676-B286-55E6D61DF7BE}.Debug|Any CPU.ActiveCfg = Debug|Any CPU
		{F5DFC376-21EC-4676-B286-55E6D61DF7BE}.Debug|Any CPU.Build.0 = Debug|Any CPU
		{F5DFC376-21EC-4676-B286-55E6D61DF7BE}.Release|Any CPU.ActiveCfg = Release|Any CPU
		{F5DFC376-21EC-4676-B286-55E6D61DF7BE}.Release|Any CPU.Build.0 = Release|Any CPU
	EndGlobalSection
	GlobalSection(SolutionProperties) = preSolution
		HideSolutionNode = FALSE
	EndGlobalSection
	GlobalSection(ExtensibilityGlobals) = postSolution
		SolutionGuid = {D9800E2F-D724-4CE1-85C7-6A18DD172D7F}
	EndGlobalSection
EndGlobal
